
Microsoft Visual Studio Solution File, Format Version 12.00
# Visual Studio Version 17
VisualStudioVersion = 17.10.35027.167
MinimumVisualStudioVersion = 10.0.40219.1
Project("{FAE04EC0-301F-11D3-BF4B-00C04F79EFBC}") = "baitap7", "baitap7\baitap7.csproj", "{0739959E-707E-4A99-A468-5CDEA5305F03}"
EndProject
Global
	GlobalSection(SolutionConfigurationPlatforms) = preSolution
		Debug|Any CPU = Debug|Any CPU
		Release|Any CPU = Release|Any CPU
	EndGlobalSection
	GlobalSection(ProjectConfigurationPlatforms) = postSolution
		{0739959E-707E-4A99-A468-5CDEA5305F03}.Debug|Any CPU.ActiveCfg = Debug|Any CPU
		{0739959E-707E-4A99-A468-5CDEA5305F03}.Debug|Any CPU.Build.0 = Debug|Any CPU
		{0739959E-707E-4A99-A468-5CDEA5305F03}.Release|Any CPU.ActiveCfg = Release|Any CPU
		{0739959E-707E-4A99-A468-5CDEA5305F03}.Release|Any CPU.Build.0 = Release|Any CPU
	EndGlobalSection
	GlobalSection(SolutionProperties) = preSolution
		HideSolutionNode = FALSE
	EndGlobalSection
	GlobalSection(ExtensibilityGlobals) = postSolution
		SolutionGuid = {480C5B31-72A7-4A60-BFAB-C21757A38896}
	EndGlobalSection
EndGlobal
